
Microsoft Visual Studio Solution File, Format Version 12.00
# Visual Studio Version 18
VisualStudioVersion = 18.6.11709.129 insiders
MinimumVisualStudioVersion = 10.0.40219.1
Project("{FAE04EC0-301F-11D3-BF4B-00C04F79EFBC}") = "Interview.PaymentConsole", "Interview.PaymentConsole.csproj", "{FCF8AA67-4AA0-91FA-4DC1-DE82301C2671}"
EndProject
Global
	GlobalSection(SolutionConfigurationPlatforms) = preSolution
		Debug|Any CPU = Debug|Any CPU
		Release|Any CPU = Release|Any CPU
	EndGlobalSection
	GlobalSection(ProjectConfigurationPlatforms) = postSolution
		{FCF8AA67-4AA0-91FA-4DC1-DE82301C2671}.Debug|Any CPU.ActiveCfg = Debug|Any CPU
		{FCF8AA67-4AA0-91FA-4DC1-DE82301C2671}.Debug|Any CPU.Build.0 = Debug|Any CPU
		{FCF8AA67-4AA0-91FA-4DC1-DE82301C2671}.Release|Any CPU.ActiveCfg = Release|Any CPU
		{FCF8AA67-4AA0-91FA-4DC1-DE82301C2671}.Release|Any CPU.Build.0 = Release|Any CPU
	EndGlobalSection
	GlobalSection(SolutionProperties) = preSolution
		HideSolutionNode = FALSE
	EndGlobalSection
	GlobalSection(ExtensibilityGlobals) = postSolution
		SolutionGuid = {D2C63E06-809F-4505-8914-B1C3292A9493}
	EndGlobalSection
EndGlobal
